
Microsoft Visual Studio Solution File, Format Version 12.00
# Visual Studio Version 17
VisualStudioVersion = 17.9.34728.123
MinimumVisualStudioVersion = 10.0.40219.1
Project("{9A19103F-16F7-4668-BE54-9A1E7A4F7556}") = "BulkyWeb", "BulkyWeb\BulkyWeb.csproj", "{658025C0-61C8-4AF7-BC01-A575E63231B2}"
EndProject
Project("{FAE04EC0-301F-11D3-BF4B-00C04F79EFBC}") = "BulkyWebRazor_Temp", "BulkyWebRazor_Temp\BulkyWebRazor_Temp.csproj", "{F36B144A-970A-4946-A6E4-B751C2F14CB8}"
EndProject
Global
	GlobalSection(SolutionConfigurationPlatforms) = preSolution
		Debug|Any CPU = Debug|Any CPU
		Release|Any CPU = Release|Any CPU
	EndGlobalSection
	GlobalSection(ProjectConfigurationPlatforms) = postSolution
		{658025C0-61C8-4AF7-BC01-A575E63231B2}.Debug|Any CPU.ActiveCfg = Debug|Any CPU
		{658025C0-61C8-4AF7-BC01-A575E63231B2}.Debug|Any CPU.Build.0 = Debug|Any CPU
		{658025C0-61C8-4AF7-BC01-A575E63231B2}.Release|Any CPU.ActiveCfg = Release|Any CPU
		{658025C0-61C8-4AF7-BC01-A575E63231B2}.Release|Any CPU.Build.0 = Release|Any CPU
		{F36B144A-970A-4946-A6E4-B751C2F14CB8}.Debug|Any CPU.ActiveCfg = Debug|Any CPU
		{F36B144A-970A-4946-A6E4-B751C2F14CB8}.Debug|Any CPU.Build.0 = Debug|Any CPU
		{F36B144A-970A-4946-A6E4-B751C2F14CB8}.Release|Any CPU.ActiveCfg = Release|Any CPU
		{F36B144A-970A-4946-A6E4-B751C2F14CB8}.Release|Any CPU.Build.0 = Release|Any CPU
	EndGlobalSection
	GlobalSection(SolutionProperties) = preSolution
		HideSolutionNode = FALSE
	EndGlobalSection
	GlobalSection(ExtensibilityGlobals) = postSolution
		SolutionGuid = {8CA538FC-D621-4CC6-B48A-B425B79391D3}
	EndGlobalSection
EndGlobal
